
Microsoft Visual Studio Solution File, Format Version 12.00
# Visual Studio Version 17
VisualStudioVersion = 17.4.33110.190
MinimumVisualStudioVersion = 10.0.40219.1
Project("{FAE04EC0-301F-11D3-BF4B-00C04F79EFBC}") = "Students", "Students\Students.csproj", "{8AA731E4-CE94-4B0E-8F7D-011514CE7EAF}"
EndProject
Global
	GlobalSection(SolutionConfigurationPlatforms) = preSolution
		Debug|Any CPU = Debug|Any CPU
		Release|Any CPU = Release|Any CPU
	EndGlobalSection
	GlobalSection(ProjectConfigurationPlatforms) = postSolution
		{8AA731E4-CE94-4B0E-8F7D-011514CE7EAF}.Debug|Any CPU.ActiveCfg = Debug|Any CPU
		{8AA731E4-CE94-4B0E-8F7D-011514CE7EAF}.Debug|Any CPU.Build.0 = Debug|Any CPU
		{8AA731E4-CE94-4B0E-8F7D-011514CE7EAF}.Release|Any CPU.ActiveCfg = Release|Any CPU
		{8AA731E4-CE94-4B0E-8F7D-011514CE7EAF}.Release|Any CPU.Build.0 = Release|Any CPU
	EndGlobalSection
	GlobalSection(SolutionProperties) = preSolution
		HideSolutionNode = FALSE
	EndGlobalSection
	GlobalSection(ExtensibilityGlobals) = postSolution
		SolutionGuid = {CEB5189F-D8B0-4D34-B1B0-E2A3CCEBA3F0}
	EndGlobalSection
EndGlobal
